
Microsoft Visual Studio Solution File, Format Version 12.00
# Visual Studio Version 17
VisualStudioVersion = 17.8.34330.188
MinimumVisualStudioVersion = 10.0.40219.1
Project("{9A19103F-16F7-4668-BE54-9A1E7A4F7556}") = "SUC-Converter", "SUC-Converter\SUC-Converter.csproj", "{5F958D21-F474-45F7-9EE9-B07F5D7ACC1A}"
EndProject
Project("{9A19103F-16F7-4668-BE54-9A1E7A4F7556}") = "SonicAudioLib", "SonicAudioLib\SonicAudioLib.csproj", "{63138773-1F47-474C-9345-15EB6183ECC6}"
EndProject
Global
	GlobalSection(SolutionConfigurationPlatforms) = preSolution
		Debug|Any CPU = Debug|Any CPU
		Release|Any CPU = Release|Any CPU
	EndGlobalSection
	GlobalSection(ProjectConfigurationPlatforms) = postSolution
		{5F958D21-F474-45F7-9EE9-B07F5D7ACC1A}.Debug|Any CPU.ActiveCfg = Debug|Any CPU
		{5F958D21-F474-45F7-9EE9-B07F5D7ACC1A}.Debug|Any CPU.Build.0 = Debug|Any CPU
		{5F958D21-F474-45F7-9EE9-B07F5D7ACC1A}.Release|Any CPU.ActiveCfg = Release|Any CPU
		{5F958D21-F474-45F7-9EE9-B07F5D7ACC1A}.Release|Any CPU.Build.0 = Release|Any CPU
		{63138773-1F47-474C-9345-15EB6183ECC6}.Debug|Any CPU.ActiveCfg = Debug|Any CPU
		{63138773-1F47-474C-9345-15EB6183ECC6}.Debug|Any CPU.Build.0 = Debug|Any CPU
		{63138773-1F47-474C-9345-15EB6183ECC6}.Release|Any CPU.ActiveCfg = Release|Any CPU
		{63138773-1F47-474C-9345-15EB6183ECC6}.Release|Any CPU.Build.0 = Release|Any CPU
	EndGlobalSection
	GlobalSection(SolutionProperties) = preSolution
		HideSolutionNode = FALSE
	EndGlobalSection
	GlobalSection(ExtensibilityGlobals) = postSolution
		SolutionGuid = {45865914-5A27-4850-8BD0-776037A3CE14}
	EndGlobalSection
EndGlobal
